
Microsoft Visual Studio Solution File, Format Version 11.00
# Visual Studio 2010
Project("{FAE04EC0-301F-11D3-BF4B-00C04F79EFBC}") = "Block1_AR_Game", "Assembly-CSharp.csproj", "{805B9803-AC5E-508F-401D-02CF6F237927}"
EndProject
Project("{FAE04EC0-301F-11D3-BF4B-00C04F79EFBC}") = "Block1_AR_Game", "Assembly-CSharp-Editor.csproj", "{4381DA4E-FDE7-6494-7679-1D9A1A871089}"
EndProject
Global
	GlobalSection(SolutionConfigurationPlatforms) = preSolution
		Debug|Any CPU = Debug|Any CPU
		Release|Any CPU = Release|Any CPU
	EndGlobalSection
	GlobalSection(ProjectConfigurationPlatforms) = postSolution
		{805B9803-AC5E-508F-401D-02CF6F237927}.Debug|Any CPU.ActiveCfg = Debug|Any CPU
		{805B9803-AC5E-508F-401D-02CF6F237927}.Debug|Any CPU.Build.0 = Debug|Any CPU
		{805B9803-AC5E-508F-401D-02CF6F237927}.Release|Any CPU.ActiveCfg = Release|Any CPU
		{805B9803-AC5E-508F-401D-02CF6F237927}.Release|Any CPU.Build.0 = Release|Any CPU
		{4381DA4E-FDE7-6494-7679-1D9A1A871089}.Debug|Any CPU.ActiveCfg = Debug|Any CPU
		{4381DA4E-FDE7-6494-7679-1D9A1A871089}.Debug|Any CPU.Build.0 = Debug|Any CPU
		{4381DA4E-FDE7-6494-7679-1D9A1A871089}.Release|Any CPU.ActiveCfg = Release|Any CPU
		{4381DA4E-FDE7-6494-7679-1D9A1A871089}.Release|Any CPU.Build.0 = Release|Any CPU
	EndGlobalSection
	GlobalSection(SolutionProperties) = preSolution
		HideSolutionNode = FALSE
	EndGlobalSection
	GlobalSection(MonoDevelopProperties) = preSolution
		StartupItem = Assembly-CSharp.csproj
	EndGlobalSection
EndGlobal
